Microsoft Visual Studio Solution File, Format Version 12.00
# Visual Studio Version 17
VisualStudioVersion = 17.5.2.0
MinimumVisualStudioVersion = 10.0.40219.1
Project("{FAE04EC0-301F-11D3-BF4B-00C04F79EFBC}") = "RoleClaimsApp", "RoleClaimsApp\RoleClaimsApp.csproj", "{340F7E68-6864-1361-6681-34D4A85F4395}"
EndProject
Global
	GlobalSection(SolutionConfigurationPlatforms) = preSolution
		Debug|Any CPU = Debug|Any CPU
		Release|Any CPU = Release|Any CPU
	EndGlobalSection
	GlobalSection(ProjectConfigurationPlatforms) = postSolution
		{340F7E68-6864-1361-6681-34D4A85F4395}.Debug|Any CPU.ActiveCfg = Debug|Any CPU
		{340F7E68-6864-1361-6681-34D4A85F4395}.Debug|Any CPU.Build.0 = Debug|Any CPU
		{340F7E68-6864-1361-6681-34D4A85F4395}.Release|Any CPU.ActiveCfg = Release|Any CPU
		{340F7E68-6864-1361-6681-34D4A85F4395}.Release|Any CPU.Build.0 = Release|Any CPU
	EndGlobalSection
	GlobalSection(SolutionProperties) = preSolution
		HideSolutionNode = FALSE
	EndGlobalSection
	GlobalSection(ExtensibilityGlobals) = postSolution
		SolutionGuid = {3B7B30A7-BC33-44E4-83E5-D0ECA1D86C16}
	EndGlobalSection
EndGlobal
